{
    "hash": "aaebeece347467cc5ff088e6172c0bed",
    "packages": [
        {
            "name": "gChartPhp/gChartPhp",
            "version": "dev-master",
            "source": {
                "type": "git",
                "url": "https://github.com/aimfeld/gChartPhp",
                "reference": "0.6.7"
            },
            "dist": {
                "type": "zip",
                "url": "https://api.github.com/repos/aimfeld/gChartPhp/zipball/0.6.7",
                "reference": "0.6.7",
                "shasum": ""
            },
            "time": "2012-04-20 18:05:19",
            "type": "library",
            "autoload": {
                "psr-0": {
                    "gchart": ""
                }
            },
            "notification-url": "https://packagist.org/downloads/",
            "authors": [
                {
                    "name": "pacbard",
                    "homepage": "https://github.com/pacbard"
                }
            ],
            "description": "PHP Object wrapper for the Google Chart API.",
            "homepage": "https://github.com/pacbard/gChartPhp",
            "keywords": [
                "php",
                "wrapper",
                "Google Charts",
                "charts"
            ]
        },
        {
            "name": "lrobert/phpword",
            "version": "dev-master",
            "source": {
                "type": "git",
                "url": "git@github.com:lrobert/PHPWord.git",
                "reference": "master"
            },
            "type": "library",
            "time": "2013-02-06 15:48:47"
        },
        {
            "name": "phpexcel/phpexcel",
            "version": "dev-master",
            "source": {
                "type": "git",
                "url": "https://github.com/ddeboer/phpexcel",
                "reference": "v1.7.7"
            },
            "dist": {
                "type": "zip",
                "url": "https://api.github.com/repos/ddeboer/phpexcel/zipball/v1.7.7",
                "reference": "v1.7.7",
                "shasum": ""
            },
            "require": {
                "php": ">5.2.0"
            },
            "time": "2012-09-04 18:29:37",
            "type": "library",
            "autoload": {
                "psr-0": {
                    "PHPExcel": "Classes"
                }
            },
            "notification-url": "https://packagist.org/downloads/",
            "license": [
                "GNU"
            ],
            "description": "PHPExcel - OpenXML - Create Excel2007 documents in PHP - Spreadsheet engine",
            "homepage": "http://phpexcel.codeplex.com",
            "keywords": [
                "excel",
                "xls"
            ]
        },
        {
            "name": "tangentmtw/ZF1",
            "version": "dev-master",
            "source": {
                "type": "git",
                "url": "git@github.com:breerly/zf1.git",
                "reference": "master"
            },
            "type": "library",
            "time": "2012-06-25 01:15:47"
        }
    ],
    "packages-dev": null,
    "aliases": [

    ],
    "minimum-stability": "stable",
    "stability-flags": {
        "tangentmtw/zf1": 20,
        "lrobert/phpword": 20,
        "phpexcel/phpexcel": 20,
        "gchartphp/gchartphp": 20
    }
}
